
Microsoft Visual Studio Solution File, Format Version 12.00
# Visual Studio Version 17
VisualStudioVersion = 17.0.31612.314
MinimumVisualStudioVersion = 10.0.40219.1
Project("{FAE04EC0-301F-11D3-BF4B-00C04F79EFBC}") = "EntidadContenido", "EntidadContenido\EntidadContenido.csproj", "{B1829527-2729-4943-96D3-1AD0B4604E2D}"
EndProject
Global
	GlobalSection(SolutionConfigurationPlatforms) = preSolution
		Debug|Any CPU = Debug|Any CPU
		Release|Any CPU = Release|Any CPU
	EndGlobalSection
	GlobalSection(ProjectConfigurationPlatforms) = postSolution
		{B1829527-2729-4943-96D3-1AD0B4604E2D}.Debug|Any CPU.ActiveCfg = Debug|Any CPU
		{B1829527-2729-4943-96D3-1AD0B4604E2D}.Debug|Any CPU.Build.0 = Debug|Any CPU
		{B1829527-2729-4943-96D3-1AD0B4604E2D}.Release|Any CPU.ActiveCfg = Release|Any CPU
		{B1829527-2729-4943-96D3-1AD0B4604E2D}.Release|Any CPU.Build.0 = Release|Any CPU
	EndGlobalSection
	GlobalSection(SolutionProperties) = preSolution
		HideSolutionNode = FALSE
	EndGlobalSection
	GlobalSection(ExtensibilityGlobals) = postSolution
		SolutionGuid = {BB05E08F-A0F0-4185-85FE-AA51884F0D22}
	EndGlobalSection
EndGlobal
